// !$*UTF8*$!
{
	archiveVersion = 1;
	classes = {
	};
	objectVersion = 46;
	objects = {

/* Begin PBXBuildFile section */
		A82D54E51DB1760700157856 /* AppDelegate.swift in Sources */ = {isa = PBXBuildFile; fileRef = A82D54E41DB1760700157856 /* AppDelegate.swift */; };
		A82D54EC1DB1760700157856 /* Assets.xcassets in Resources */ = {isa = PBXBuildFile; fileRef = A82D54EB1DB1760700157856 /* Assets.xcassets */; };
		A82D54EF1DB1760700157856 /* LaunchScreen.storyboard in Resources */ = {isa = PBXBuildFile; fileRef = A82D54ED1DB1760700157856 /* LaunchScreen.storyboard */; };
		A82D55051DB1760800157856 /* shopwithvossUITests.swift in Sources */ = {isa = PBXBuildFile; fileRef = A82D55041DB1760800157856 /* shopwithvossUITests.swift */; };
		A82D55191DB176E900157856 /* VideoViewController.swift in Sources */ = {isa = PBXBuildFile; fileRef = A82D55181DB176E900157856 /* VideoViewController.swift */; };
		A82D551B1DB1772500157856 /* Product.swift in Sources */ = {isa = PBXBuildFile; fileRef = A82D551A1DB1772500157856 /* Product.swift */; };
		A82D551D1DB177D700157856 /* ProductTests.swift in Sources */ = {isa = PBXBuildFile; fileRef = A82D551C1DB177D700157856 /* ProductTests.swift */; };
		A82D55211DB179F300157856 /* VideoPlayerView.swift in Sources */ = {isa = PBXBuildFile; fileRef = A82D55201DB179F300157856 /* VideoPlayerView.swift */; };
		A82D55271DB17A6400157856 /* ProductsViewController.swift in Sources */ = {isa = PBXBuildFile; fileRef = A82D55261DB17A6400157856 /* ProductsViewController.swift */; };
		A82D552A1DB17BAB00157856 /* Prototype.swift in Sources */ = {isa = PBXBuildFile; fileRef = A82D55291DB17BAB00157856 /* Prototype.swift */; };
		A82D552E1DB188D700157856 /* CartView.swift in Sources */ = {isa = PBXBuildFile; fileRef = A82D552D1DB188D700157856 /* CartView.swift */; };
		A82D55301DB188F900157856 /* CartViewTests.swift in Sources */ = {isa = PBXBuildFile; fileRef = A82D552F1DB188F900157856 /* CartViewTests.swift */; };
		A82D55321DB19F2A00157856 /* PriceFormatter.swift in Sources */ = {isa = PBXBuildFile; fileRef = A82D55311DB19F2A00157856 /* PriceFormatter.swift */; };
		A82D55341DB2729600157856 /* PriceFormatterTests.swift in Sources */ = {isa = PBXBuildFile; fileRef = A82D55331DB2729600157856 /* PriceFormatterTests.swift */; };
		A82D55361DB2923900157856 /* CartViewController.swift in Sources */ = {isa = PBXBuildFile; fileRef = A82D55351DB2923900157856 /* CartViewController.swift */; };
		A82D55381DB29C4F00157856 /* GradientView.swift in Sources */ = {isa = PBXBuildFile; fileRef = A82D55371DB29C4F00157856 /* GradientView.swift */; };
		A83825A71DB472EF0021331D /* FetchRealtimeRatesOperation.swift in Sources */ = {isa = PBXBuildFile; fileRef = A83825A61DB472EF0021331D /* FetchRealtimeRatesOperation.swift */; };
		A83825A91DB476680021331D /* NetworkTests.swift in Sources */ = {isa = PBXBuildFile; fileRef = A83825A81DB476680021331D /* NetworkTests.swift */; };
		A83825AC1DB47A630021331D /* Session.swift in Sources */ = {isa = PBXBuildFile; fileRef = A83825AB1DB47A630021331D /* Session.swift */; };
		A89B4E081DB2DD6F00FADF9D /* CurrencyLayer.swift in Sources */ = {isa = PBXBuildFile; fileRef = A89B4E071DB2DD6F00FADF9D /* CurrencyLayer.swift */; };
		A89B4E0A1DB2E0C800FADF9D /* CurrencyLayerTests.swift in Sources */ = {isa = PBXBuildFile; fileRef = A89B4E091DB2E0C800FADF9D /* CurrencyLayerTests.swift */; };
		A89B4E0F1DB3033200FADF9D /* FetchCurrenciesOperation.swift in Sources */ = {isa = PBXBuildFile; fileRef = A89B4E0E1DB3033200FADF9D /* FetchCurrenciesOperation.swift */; };
		A89B4E131DB3141300FADF9D /* list.json in Resources */ = {isa = PBXBuildFile; fileRef = A89B4E121DB3141300FADF9D /* list.json */; };
		A89B4E151DB3145A00FADF9D /* rates.json in Resources */ = {isa = PBXBuildFile; fileRef = A89B4E141DB3145A00FADF9D /* rates.json */; };
		A89F1CC51DB2C46C004A869D /* Cart.swift in Sources */ = {isa = PBXBuildFile; fileRef = A89F1CC41DB2C46C004A869D /* Cart.swift */; };
		A89F1CC91DB2C635004A869D /* CartTests.swift in Sources */ = {isa = PBXBuildFile; fileRef = A89F1CC81DB2C635004A869D /* CartTests.swift */; };
		A89F1CCB1DB2CDAC004A869D /* ProductTableViewCell.swift in Sources */ = {isa = PBXBuildFile; fileRef = A89F1CCA1DB2CDAC004A869D /* ProductTableViewCell.swift */; };
		A8DA3F6B1DB4184100474230 /* background.m4a in Resources */ = {isa = PBXBuildFile; fileRef = A8DA3F6A1DB4184100474230 /* background.m4a */; };
		A8DA3F701DB43F5600474230 /* beans.m4v in Resources */ = {isa = PBXBuildFile; fileRef = A8DA3F6C1DB43F5600474230 /* beans.m4v */; };
		A8DA3F711DB43F5600474230 /* eggs.m4v in Resources */ = {isa = PBXBuildFile; fileRef = A8DA3F6D1DB43F5600474230 /* eggs.m4v */; };
		A8DA3F721DB43F5600474230 /* milk.m4v in Resources */ = {isa = PBXBuildFile; fileRef = A8DA3F6E1DB43F5600474230 /* milk.m4v */; };
		A8DA3F731DB43F5600474230 /* peas.m4v in Resources */ = {isa = PBXBuildFile; fileRef = A8DA3F6F1DB43F5600474230 /* peas.m4v */; };
/* End PBXBuildFile section */

/* Begin PBXContainerItemProxy section */
		A82D54F61DB1760800157856 /* PBXContainerItemProxy */ = {
			isa = PBXContainerItemProxy;
			containerPortal = A82D54D91DB1760700157856 /* Project object */;
			proxyType = 1;
			remoteGlobalIDString = A82D54E01DB1760700157856;
			remoteInfo = shopwithvoss;
		};
		A82D55011DB1760800157856 /* PBXContainerItemProxy */ = {
			isa = PBXContainerItemProxy;
			containerPortal = A82D54D91DB1760700157856 /* Project object */;
			proxyType = 1;
			remoteGlobalIDString = A82D54E01DB1760700157856;
			remoteInfo = shopwithvoss;
		};
/* End PBXContainerItemProxy section */

/* Begin PBXFileReference section */
		A82D54E11DB1760700157856 /* Shop.app */ = {isa = PBXFileReference; explicitFileType = wrapper.application; includeInIndex = 0; path = Shop.app; sourceTree = BUILT_PRODUCTS_DIR; };
		A82D54E41DB1760700157856 /* AppDelegate.swift */ = {isa = PBXFileReference; lastKnownFileType = sourcecode.swift; path = AppDelegate.swift; sourceTree = "<group>"; };
		A82D54EB1DB1760700157856 /* Assets.xcassets */ = {isa = PBXFileReference; lastKnownFileType = folder.assetcatalog; path = Assets.xcassets; sourceTree = "<group>"; };
		A82D54EE1DB1760700157856 /* Base */ = {isa = PBXFileReference; lastKnownFileType = file.storyboard; name = Base; path = Base.lproj/LaunchScreen.storyboard; sourceTree = "<group>"; };
		A82D54F01DB1760700157856 /* Info.plist */ = {isa = PBXFileReference; lastKnownFileType = text.plist.xml; path = Info.plist; sourceTree = "<group>"; };
		A82D54F51DB1760700157856 /* ShopTests.xctest */ = {isa = PBXFileReference; explicitFileType = wrapper.cfbundle; includeInIndex = 0; path = ShopTests.xctest; sourceTree = BUILT_PRODUCTS_DIR; };
		A82D54FB1DB1760800157856 /* Info.plist */ = {isa = PBXFileReference; lastKnownFileType = text.plist.xml; path = Info.plist; sourceTree = "<group>"; };
		A82D55001DB1760800157856 /* ShopUITests.xctest */ = {isa = PBXFileReference; explicitFileType = wrapper.cfbundle; includeInIndex = 0; path = ShopUITests.xctest; sourceTree = BUILT_PRODUCTS_DIR; };
		A82D55041DB1760800157856 /* shopwithvossUITests.swift */ = {isa = PBXFileReference; lastKnownFileType = sourcecode.swift; path = shopwithvossUITests.swift; sourceTree = "<group>"; };
		A82D55061DB1760800157856 /* Info.plist */ = {isa = PBXFileReference; lastKnownFileType = text.plist.xml; path = Info.plist; sourceTree = "<group>"; };
		A82D55181DB176E900157856 /* VideoViewController.swift */ = {isa = PBXFileReference; fileEncoding = 4; lastKnownFileType = sourcecode.swift; path = VideoViewController.swift; sourceTree = "<group>"; };
		A82D551A1DB1772500157856 /* Product.swift */ = {isa = PBXFileReference; fileEncoding = 4; lastKnownFileType = sourcecode.swift; path = Product.swift; sourceTree = "<group>"; };
		A82D551C1DB177D700157856 /* ProductTests.swift */ = {isa = PBXFileReference; fileEncoding = 4; lastKnownFileType = sourcecode.swift; path = ProductTests.swift; sourceTree = "<group>"; };
		A82D55201DB179F300157856 /* VideoPlayerView.swift */ = {isa = PBXFileReference; fileEncoding = 4; lastKnownFileType = sourcecode.swift; path = VideoPlayerView.swift; sourceTree = "<group>"; };
		A82D55261DB17A6400157856 /* ProductsViewController.swift */ = {isa = PBXFileReference; fileEncoding = 4; lastKnownFileType = sourcecode.swift; path = ProductsViewController.swift; sourceTree = "<group>"; };
		A82D55291DB17BAB00157856 /* Prototype.swift */ = {isa = PBXFileReference; fileEncoding = 4; lastKnownFileType = sourcecode.swift; path = Prototype.swift; sourceTree = "<group>"; };
		A82D552D1DB188D700157856 /* CartView.swift */ = {isa = PBXFileReference; fileEncoding = 4; lastKnownFileType = sourcecode.swift; path = CartView.swift; sourceTree = "<group>"; };
		A82D552F1DB188F900157856 /* CartViewTests.swift */ = {isa = PBXFileReference; fileEncoding = 4; lastKnownFileType = sourcecode.swift; path = CartViewTests.swift; sourceTree = "<group>"; };
		A82D55311DB19F2A00157856 /* PriceFormatter.swift */ = {isa = PBXFileReference; fileEncoding = 4; lastKnownFileType = sourcecode.swift; path = PriceFormatter.swift; sourceTree = "<group>"; };
		A82D55331DB2729600157856 /* PriceFormatterTests.swift */ = {isa = PBXFileReference; fileEncoding = 4; lastKnownFileType = sourcecode.swift; path = PriceFormatterTests.swift; sourceTree = "<group>"; };
		A82D55351DB2923900157856 /* CartViewController.swift */ = {isa = PBXFileReference; fileEncoding = 4; lastKnownFileType = sourcecode.swift; path = CartViewController.swift; sourceTree = "<group>"; };
		A82D55371DB29C4F00157856 /* GradientView.swift */ = {isa = PBXFileReference; fileEncoding = 4; lastKnownFileType = sourcecode.swift; path = GradientView.swift; sourceTree = "<group>"; };
		A83825A61DB472EF0021331D /* FetchRealtimeRatesOperation.swift */ = {isa = PBXFileReference; fileEncoding = 4; lastKnownFileType = sourcecode.swift; path = FetchRealtimeRatesOperation.swift; sourceTree = "<group>"; };
		A83825A81DB476680021331D /* NetworkTests.swift */ = {isa = PBXFileReference; fileEncoding = 4; lastKnownFileType = sourcecode.swift; path = NetworkTests.swift; sourceTree = "<group>"; };
		A83825AB1DB47A630021331D /* Session.swift */ = {isa = PBXFileReference; fileEncoding = 4; lastKnownFileType = sourcecode.swift; path = Session.swift; sourceTree = "<group>"; };
		A89B4E071DB2DD6F00FADF9D /* CurrencyLayer.swift */ = {isa = PBXFileReference; fileEncoding = 4; lastKnownFileType = sourcecode.swift; path = CurrencyLayer.swift; sourceTree = "<group>"; };
		A89B4E091DB2E0C800FADF9D /* CurrencyLayerTests.swift */ = {isa = PBXFileReference; fileEncoding = 4; lastKnownFileType = sourcecode.swift; path = CurrencyLayerTests.swift; sourceTree = "<group>"; };
		A89B4E0E1DB3033200FADF9D /* FetchCurrenciesOperation.swift */ = {isa = PBXFileReference; fileEncoding = 4; lastKnownFileType = sourcecode.swift; path = FetchCurrenciesOperation.swift; sourceTree = "<group>"; };
		A89B4E121DB3141300FADF9D /* list.json */ = {isa = PBXFileReference; fileEncoding = 4; lastKnownFileType = text.json; path = list.json; sourceTree = "<group>"; };
		A89B4E141DB3145A00FADF9D /* rates.json */ = {isa = PBXFileReference; fileEncoding = 4; lastKnownFileType = text.json; path = rates.json; sourceTree = "<group>"; };
		A89F1CC41DB2C46C004A869D /* Cart.swift */ = {isa = PBXFileReference; fileEncoding = 4; lastKnownFileType = sourcecode.swift; path = Cart.swift; sourceTree = "<group>"; };
		A89F1CC81DB2C635004A869D /* CartTests.swift */ = {isa = PBXFileReference; fileEncoding = 4; lastKnownFileType = sourcecode.swift; path = CartTests.swift; sourceTree = "<group>"; };
		A89F1CCA1DB2CDAC004A869D /* ProductTableViewCell.swift */ = {isa = PBXFileReference; fileEncoding = 4; lastKnownFileType = sourcecode.swift; path = ProductTableViewCell.swift; sourceTree = "<group>"; };
		A8DA3F6A1DB4184100474230 /* background.m4a */ = {isa = PBXFileReference; lastKnownFileType = file; name = background.m4a; path = ../../../Downloads/background.m4a; sourceTree = "<group>"; };
		A8DA3F6C1DB43F5600474230 /* beans.m4v */ = {isa = PBXFileReference; lastKnownFileType = file; name = beans.m4v; path = ../../../Downloads/beans.m4v; sourceTree = "<group>"; };
		A8DA3F6D1DB43F5600474230 /* eggs.m4v */ = {isa = PBXFileReference; lastKnownFileType = file; name = eggs.m4v; path = ../../../Downloads/eggs.m4v; sourceTree = "<group>"; };
		A8DA3F6E1DB43F5600474230 /* milk.m4v */ = {isa = PBXFileReference; lastKnownFileType = file; name = milk.m4v; path = ../../../Downloads/milk.m4v; sourceTree = "<group>"; };
		A8DA3F6F1DB43F5600474230 /* peas.m4v */ = {isa = PBXFileReference; lastKnownFileType = file; name = peas.m4v; path = ../../../Downloads/peas.m4v; sourceTree = "<group>"; };
/* End PBXFileReference section */

/* Begin PBXFrameworksBuildPhase section */
		A82D54DE1DB1760700157856 /* Frameworks */ = {
			isa = PBXFrameworksBuildPhase;
			buildActionMask = 2147483647;
			files = (
			);
			runOnlyForDeploymentPostprocessing = 0;
		};
		A82D54F21DB1760700157856 /* Frameworks */ = {
			isa = PBXFrameworksBuildPhase;
			buildActionMask = 2147483647;
			files = (
			);
			runOnlyForDeploymentPostprocessing = 0;
		};
		A82D54FD1DB1760800157856 /* Frameworks */ = {
			isa = PBXFrameworksBuildPhase;
			buildActionMask = 2147483647;
			files = (
			);
			runOnlyForDeploymentPostprocessing = 0;
		};
/* End PBXFrameworksBuildPhase section */

/* Begin PBXGroup section */
		A82D54D81DB1760700157856 = {
			isa = PBXGroup;
			children = (
				A82D54E21DB1760700157856 /* Products */,
				A82D55151DB1763000157856 /* Resources */,
				A82D54E31DB1760700157856 /* Source */,
				A82D55171DB1764900157856 /* Tests */,
			);
			sourceTree = "<group>";
		};
		A82D54E21DB1760700157856 /* Products */ = {
			isa = PBXGroup;
			children = (
				A82D54E11DB1760700157856 /* Shop.app */,
				A82D54F51DB1760700157856 /* ShopTests.xctest */,
				A82D55001DB1760800157856 /* ShopUITests.xctest */,
			);
			name = Products;
			sourceTree = "<group>";
		};
		A82D54E31DB1760700157856 /* Source */ = {
			isa = PBXGroup;
			children = (
				A82D55281DB17BA200157856 /* App */,
				A82D55121DB1761200157856 /* Models */,
				A89B4E0D1DB3032100FADF9D /* Operations */,
				A83825AA1DB47A590021331D /* Protocols */,
				A82D55141DB1762000157856 /* View Controllers */,
				A82D55131DB1761C00157856 /* Views */,
			);
			path = Source;
			sourceTree = "<group>";
		};
		A82D54F81DB1760800157856 /* Unit Tests */ = {
			isa = PBXGroup;
			children = (
				A89F1CC81DB2C635004A869D /* CartTests.swift */,
				A82D552F1DB188F900157856 /* CartViewTests.swift */,
				A89B4E091DB2E0C800FADF9D /* CurrencyLayerTests.swift */,
				A82D54FB1DB1760800157856 /* Info.plist */,
				A83825A81DB476680021331D /* NetworkTests.swift */,
				A82D55331DB2729600157856 /* PriceFormatterTests.swift */,
				A82D551C1DB177D700157856 /* ProductTests.swift */,
				A89B4E121DB3141300FADF9D /* list.json */,
				A89B4E141DB3145A00FADF9D /* rates.json */,
			);
			path = "Unit Tests";
			sourceTree = "<group>";
		};
		A82D55031DB1760800157856 /* UI Tests */ = {
			isa = PBXGroup;
			children = (
				A82D55061DB1760800157856 /* Info.plist */,
				A82D55041DB1760800157856 /* shopwithvossUITests.swift */,
			);
			path = "UI Tests";
			sourceTree = "<group>";
		};
		A82D55121DB1761200157856 /* Models */ = {
			isa = PBXGroup;
			children = (
				A89F1CC41DB2C46C004A869D /* Cart.swift */,
				A82D55311DB19F2A00157856 /* PriceFormatter.swift */,
				A82D551A1DB1772500157856 /* Product.swift */,
			);
			path = Models;
			sourceTree = "<group>";
		};
		A82D55131DB1761C00157856 /* Views */ = {
			isa = PBXGroup;
			children = (
				A82D552D1DB188D700157856 /* CartView.swift */,
				A82D55371DB29C4F00157856 /* GradientView.swift */,
				A89F1CCA1DB2CDAC004A869D /* ProductTableViewCell.swift */,
				A82D55201DB179F300157856 /* VideoPlayerView.swift */,
			);
			path = Views;
			sourceTree = "<group>";
		};
		A82D55141DB1762000157856 /* View Controllers */ = {
			isa = PBXGroup;
			children = (
				A82D55351DB2923900157856 /* CartViewController.swift */,
				A82D55261DB17A6400157856 /* ProductsViewController.swift */,
				A82D55181DB176E900157856 /* VideoViewController.swift */,
			);
			path = "View Controllers";
			sourceTree = "<group>";
		};
		A82D55151DB1763000157856 /* Resources */ = {
			isa = PBXGroup;
			children = (
				A82D54EB1DB1760700157856 /* Assets.xcassets */,
				A82D54F01DB1760700157856 /* Info.plist */,
				A82D54ED1DB1760700157856 /* LaunchScreen.storyboard */,
				A8DA3F6A1DB4184100474230 /* background.m4a */,
				A8DA3F6C1DB43F5600474230 /* beans.m4v */,
				A8DA3F6D1DB43F5600474230 /* eggs.m4v */,
				A8DA3F6E1DB43F5600474230 /* milk.m4v */,
				A8DA3F6F1DB43F5600474230 /* peas.m4v */,
			);
			path = Resources;
			sourceTree = "<group>";
		};
		A82D55171DB1764900157856 /* Tests */ = {
			isa = PBXGroup;
			children = (
				A82D55031DB1760800157856 /* UI Tests */,
				A82D54F81DB1760800157856 /* Unit Tests */,
			);
			path = Tests;
			sourceTree = "<group>";
		};
		A82D55281DB17BA200157856 /* App */ = {
			isa = PBXGroup;
			children = (
				A82D54E41DB1760700157856 /* AppDelegate.swift */,
				A89B4E071DB2DD6F00FADF9D /* CurrencyLayer.swift */,
				A82D55291DB17BAB00157856 /* Prototype.swift */,
			);
			path = App;
			sourceTree = "<group>";
		};
		A83825AA1DB47A590021331D /* Protocols */ = {
			isa = PBXGroup;
			children = (
				A83825AB1DB47A630021331D /* Session.swift */,
			);
			path = Protocols;
			sourceTree = "<group>";
		};
		A89B4E0D1DB3032100FADF9D /* Operations */ = {
			isa = PBXGroup;
			children = (
				A89B4E0E1DB3033200FADF9D /* FetchCurrenciesOperation.swift */,
				A83825A61DB472EF0021331D /* FetchRealtimeRatesOperation.swift */,
			);
			path = Operations;
			sourceTree = "<group>";
		};
/* End PBXGroup section */

/* Begin PBXNativeTarget section */
		A82D54E01DB1760700157856 /* Shop */ = {
			isa = PBXNativeTarget;
			buildConfigurationList = A82D55091DB1760800157856 /* Build configuration list for PBXNativeTarget "Shop" */;
			buildPhases = (
				A82D54DD1DB1760700157856 /* Sources */,
				A82D54DE1DB1760700157856 /* Frameworks */,
				A82D54DF1DB1760700157856 /* Resources */,
			);
			buildRules = (
			);
			dependencies = (
			);
			name = Shop;
			productName = shopwithvoss;
			productReference = A82D54E11DB1760700157856 /* Shop.app */;
			productType = "com.apple.product-type.application";
		};
		A82D54F41DB1760700157856 /* ShopTests */ = {
			isa = PBXNativeTarget;
			buildConfigurationList = A82D550C1DB1760800157856 /* Build configuration list for PBXNativeTarget "ShopTests" */;
			buildPhases = (
				A82D54F11DB1760700157856 /* Sources */,
				A82D54F21DB1760700157856 /* Frameworks */,
				A82D54F31DB1760700157856 /* Resources */,
			);
			buildRules = (
			);
			dependencies = (
				A82D54F71DB1760800157856 /* PBXTargetDependency */,
			);
			name = ShopTests;
			productName = shopwithvossTests;
			productReference = A82D54F51DB1760700157856 /* ShopTests.xctest */;
			productType = "com.apple.product-type.bundle.unit-test";
		};
		A82D54FF1DB1760800157856 /* ShopUITests */ = {
			isa = PBXNativeTarget;
			buildConfigurationList = A82D550F1DB1760800157856 /* Build configuration list for PBXNativeTarget "ShopUITests" */;
			buildPhases = (
				A82D54FC1DB1760800157856 /* Sources */,
				A82D54FD1DB1760800157856 /* Frameworks */,
				A82D54FE1DB1760800157856 /* Resources */,
			);
			buildRules = (
			);
			dependencies = (
				A82D55021DB1760800157856 /* PBXTargetDependency */,
			);
			name = ShopUITests;
			productName = shopwithvossUITests;
			productReference = A82D55001DB1760800157856 /* ShopUITests.xctest */;
			productType = "com.apple.product-type.bundle.ui-testing";
		};
/* End PBXNativeTarget section */

/* Begin PBXProject section */
		A82D54D91DB1760700157856 /* Project object */ = {
			isa = PBXProject;
			attributes = {
				LastSwiftUpdateCheck = 0800;
				LastUpgradeCheck = 0800;
				ORGANIZATIONNAME = "Voss Creative";
				TargetAttributes = {
					A82D54E01DB1760700157856 = {
						CreatedOnToolsVersion = 8.0;
						DevelopmentTeam = N8ALS87Z7S;
						ProvisioningStyle = Automatic;
					};
					A82D54F41DB1760700157856 = {
						CreatedOnToolsVersion = 8.0;
						DevelopmentTeam = N8ALS87Z7S;
						ProvisioningStyle = Automatic;
						TestTargetID = A82D54E01DB1760700157856;
					};
					A82D54FF1DB1760800157856 = {
						CreatedOnToolsVersion = 8.0;
						DevelopmentTeam = N8ALS87Z7S;
						ProvisioningStyle = Automatic;
						TestTargetID = A82D54E01DB1760700157856;
					};
				};
			};
			buildConfigurationList = A82D54DC1DB1760700157856 /* Build configuration list for PBXProject "shopwithvoss" */;
			compatibilityVersion = "Xcode 3.2";
			developmentRegion = English;
			hasScannedForEncodings = 0;
			knownRegions = (
				en,
				Base,
			);
			mainGroup = A82D54D81DB1760700157856;
			productRefGroup = A82D54E21DB1760700157856 /* Products */;
			projectDirPath = "";
			projectRoot = "";
			targets = (
				A82D54E01DB1760700157856 /* Shop */,
				A82D54F41DB1760700157856 /* ShopTests */,
				A82D54FF1DB1760800157856 /* ShopUITests */,
			);
		};
/* End PBXProject section */

/* Begin PBXResourcesBuildPhase section */
		A82D54DF1DB1760700157856 /* Resources */ = {
			isa = PBXResourcesBuildPhase;
			buildActionMask = 2147483647;
			files = (
				A8DA3F711DB43F5600474230 /* eggs.m4v in Resources */,
				A82D54EF1DB1760700157856 /* LaunchScreen.storyboard in Resources */,
				A82D54EC1DB1760700157856 /* Assets.xcassets in Resources */,
				A8DA3F6B1DB4184100474230 /* background.m4a in Resources */,
				A8DA3F731DB43F5600474230 /* peas.m4v in Resources */,
				A8DA3F721DB43F5600474230 /* milk.m4v in Resources */,
				A8DA3F701DB43F5600474230 /* beans.m4v in Resources */,
			);
			runOnlyForDeploymentPostprocessing = 0;
		};
		A82D54F31DB1760700157856 /* Resources */ = {
			isa = PBXResourcesBuildPhase;
			buildActionMask = 2147483647;
			files = (
				A89B4E131DB3141300FADF9D /* list.json in Resources */,
				A89B4E151DB3145A00FADF9D /* rates.json in Resources */,
			);
			runOnlyForDeploymentPostprocessing = 0;
		};
		A82D54FE1DB1760800157856 /* Resources */ = {
			isa = PBXResourcesBuildPhase;
			buildActionMask = 2147483647;
			files = (
			);
			runOnlyForDeploymentPostprocessing = 0;
		};
/* End PBXResourcesBuildPhase section */

/* Begin PBXSourcesBuildPhase section */
		A82D54DD1DB1760700157856 /* Sources */ = {
			isa = PBXSourcesBuildPhase;
			buildActionMask = 2147483647;
			files = (
				A82D55271DB17A6400157856 /* ProductsViewController.swift in Sources */,
				A83825A71DB472EF0021331D /* FetchRealtimeRatesOperation.swift in Sources */,
				A82D55191DB176E900157856 /* VideoViewController.swift in Sources */,
				A82D55381DB29C4F00157856 /* GradientView.swift in Sources */,
				A82D552A1DB17BAB00157856 /* Prototype.swift in Sources */,
				A89F1CC51DB2C46C004A869D /* Cart.swift in Sources */,
				A89F1CCB1DB2CDAC004A869D /* ProductTableViewCell.swift in Sources */,
				A89B4E081DB2DD6F00FADF9D /* CurrencyLayer.swift in Sources */,
				A82D551B1DB1772500157856 /* Product.swift in Sources */,
				A82D54E51DB1760700157856 /* AppDelegate.swift in Sources */,
				A82D552E1DB188D700157856 /* CartView.swift in Sources */,
				A82D55321DB19F2A00157856 /* PriceFormatter.swift in Sources */,
				A83825AC1DB47A630021331D /* Session.swift in Sources */,
				A89B4E0F1DB3033200FADF9D /* FetchCurrenciesOperation.swift in Sources */,
				A82D55361DB2923900157856 /* CartViewController.swift in Sources */,
				A82D55211DB179F300157856 /* VideoPlayerView.swift in Sources */,
			);
			runOnlyForDeploymentPostprocessing = 0;
		};
		A82D54F11DB1760700157856 /* Sources */ = {
			isa = PBXSourcesBuildPhase;
			buildActionMask = 2147483647;
			files = (
				A82D55301DB188F900157856 /* CartViewTests.swift in Sources */,
				A83825A91DB476680021331D /* NetworkTests.swift in Sources */,
				A82D551D1DB177D700157856 /* ProductTests.swift in Sources */,
				A82D55341DB2729600157856 /* PriceFormatterTests.swift in Sources */,
				A89B4E0A1DB2E0C800FADF9D /* CurrencyLayerTests.swift in Sources */,
				A89F1CC91DB2C635004A869D /* CartTests.swift in Sources */,
			);
			runOnlyForDeploymentPostprocessing = 0;
		};
		A82D54FC1DB1760800157856 /* Sources */ = {
			isa = PBXSourcesBuildPhase;
			buildActionMask = 2147483647;
			files = (
				A82D55051DB1760800157856 /* shopwithvossUITests.swift in Sources */,
			);
			runOnlyForDeploymentPostprocessing = 0;
		};
/* End PBXSourcesBuildPhase section */

/* Begin PBXTargetDependency section */
		A82D54F71DB1760800157856 /* PBXTargetDependency */ = {
			isa = PBXTargetDependency;
			target = A82D54E01DB1760700157856 /* Shop */;
			targetProxy = A82D54F61DB1760800157856 /* PBXContainerItemProxy */;
		};
		A82D55021DB1760800157856 /* PBXTargetDependency */ = {
			isa = PBXTargetDependency;
			target = A82D54E01DB1760700157856 /* Shop */;
			targetProxy = A82D55011DB1760800157856 /* PBXContainerItemProxy */;
		};
/* End PBXTargetDependency section */

/* Begin PBXVariantGroup section */
		A82D54ED1DB1760700157856 /* LaunchScreen.storyboard */ = {
			isa = PBXVariantGroup;
			children = (
				A82D54EE1DB1760700157856 /* Base */,
			);
			name = LaunchScreen.storyboard;
			path = .;
			sourceTree = "<group>";
		};
/* End PBXVariantGroup section */

/* Begin XCBuildConfiguration section */
		A82D55071DB1760800157856 /* Debug */ = {
			isa = XCBuildConfiguration;
			buildSettings = {
				ALWAYS_SEARCH_USER_PATHS = NO;
				CLANG_ANALYZER_NONNULL = YES;
				CLANG_CXX_LANGUAGE_STANDARD = "gnu++0x";
				CLANG_CXX_LIBRARY = "libc++";
				CLANG_ENABLE_MODULES = YES;
				CLANG_ENABLE_OBJC_ARC = YES;
				CLANG_WARN_BOOL_CONVERSION = YES;
				CLANG_WARN_CONSTANT_CONVERSION = YES;
				CLANG_WARN_DIRECT_OBJC_ISA_USAGE = YES_ERROR;
				CLANG_WARN_DOCUMENTATION_COMMENTS = YES;
				CLANG_WARN_EMPTY_BODY = YES;
				CLANG_WARN_ENUM_CONVERSION = YES;
				CLANG_WARN_INFINITE_RECURSION = YES;
				CLANG_WARN_INT_CONVERSION = YES;
				CLANG_WARN_OBJC_ROOT_CLASS = YES_ERROR;
				CLANG_WARN_SUSPICIOUS_MOVES = YES;
				CLANG_WARN_UNREACHABLE_CODE = YES;
				CLANG_WARN__DUPLICATE_METHOD_MATCH = YES;
				"CODE_SIGN_IDENTITY[sdk=iphoneos*]" = "iPhone Developer";
				COPY_PHASE_STRIP = NO;
				DEBUG_INFORMATION_FORMAT = dwarf;
				ENABLE_STRICT_OBJC_MSGSEND = YES;
				ENABLE_TESTABILITY = YES;
				GCC_C_LANGUAGE_STANDARD = gnu99;
				GCC_DYNAMIC_NO_PIC = NO;
				GCC_NO_COMMON_BLOCKS = YES;
				GCC_OPTIMIZATION_LEVEL = 0;
				GCC_PREPROCESSOR_DEFINITIONS = (
					"DEBUG=1",
					"$(inherited)",
				);
				GCC_WARN_64_TO_32_BIT_CONVERSION = YES;
				GCC_WARN_ABOUT_RETURN_TYPE = YES_ERROR;
				GCC_WARN_UNDECLARED_SELECTOR = YES;
				GCC_WARN_UNINITIALIZED_AUTOS = YES_AGGRESSIVE;
				GCC_WARN_UNUSED_FUNCTION = YES;
				GCC_WARN_UNUSED_VARIABLE = YES;
				IPHONEOS_DEPLOYMENT_TARGET = 10.0;
				MTL_ENABLE_DEBUG_INFO = YES;
				ONLY_ACTIVE_ARCH = YES;
				SDKROOT = iphoneos;
				SWIFT_ACTIVE_COMPILATION_CONDITIONS = DEBUG;
				SWIFT_OPTIMIZATION_LEVEL = "-Onone";
				TARGETED_DEVICE_FAMILY = "1,2";
			};
			name = Debug;
		};
		A82D55081DB1760800157856 /* Release */ = {
			isa = XCBuildConfiguration;
			buildSettings = {
				ALWAYS_SEARCH_USER_PATHS = NO;
				CLANG_ANALYZER_NONNULL = YES;
				CLANG_CXX_LANGUAGE_STANDARD = "gnu++0x";
				CLANG_CXX_LIBRARY = "libc++";
				CLANG_ENABLE_MODULES = YES;
				CLANG_ENABLE_OBJC_ARC = YES;
				CLANG_WARN_BOOL_CONVERSION = YES;
				CLANG_WARN_CONSTANT_CONVERSION = YES;
				CLANG_WARN_DIRECT_OBJC_ISA_USAGE = YES_ERROR;
				CLANG_WARN_DOCUMENTATION_COMMENTS = YES;
				CLANG_WARN_EMPTY_BODY = YES;
				CLANG_WARN_ENUM_CONVERSION = YES;
				CLANG_WARN_INFINITE_RECURSION = YES;
				CLANG_WARN_INT_CONVERSION = YES;
				CLANG_WARN_OBJC_ROOT_CLASS = YES_ERROR;
				CLANG_WARN_SUSPICIOUS_MOVES = YES;
				CLANG_WARN_UNREACHABLE_CODE = YES;
				CLANG_WARN__DUPLICATE_METHOD_MATCH = YES;
				"CODE_SIGN_IDENTITY[sdk=iphoneos*]" = "iPhone Developer";
				COPY_PHASE_STRIP = NO;
				DEBUG_INFORMATION_FORMAT = "dwarf-with-dsym";
				ENABLE_NS_ASSERTIONS = NO;
				ENABLE_STRICT_OBJC_MSGSEND = YES;
				GCC_C_LANGUAGE_STANDARD = gnu99;
				GCC_NO_COMMON_BLOCKS = YES;
				GCC_WARN_64_TO_32_BIT_CONVERSION = YES;
				GCC_WARN_ABOUT_RETURN_TYPE = YES_ERROR;
				GCC_WARN_UNDECLARED_SELECTOR = YES;
				GCC_WARN_UNINITIALIZED_AUTOS = YES_AGGRESSIVE;
				GCC_WARN_UNUSED_FUNCTION = YES;
				GCC_WARN_UNUSED_VARIABLE = YES;
				IPHONEOS_DEPLOYMENT_TARGET = 10.0;
				MTL_ENABLE_DEBUG_INFO = NO;
				SDKROOT = iphoneos;
				SWIFT_OPTIMIZATION_LEVEL = "-Owholemodule";
				TARGETED_DEVICE_FAMILY = "1,2";
				VALIDATE_PRODUCT = YES;
			};
			name = Release;
		};
		A82D550A1DB1760800157856 /* Debug */ = {
			isa = XCBuildConfiguration;
			buildSettings = {
				ASSETCATALOG_COMPILER_APPICON_NAME = AppIcon;
				DEVELOPMENT_TEAM = N8ALS87Z7S;
				INFOPLIST_FILE = "$(SRCROOT)/Resources/Info.plist";
				LD_RUNPATH_SEARCH_PATHS = "$(inherited) @executable_path/Frameworks";
				PRODUCT_BUNDLE_IDENTIFIER = io.voss.shopwithvoss;
				PRODUCT_NAME = "$(TARGET_NAME)";
				SWIFT_VERSION = 3.0;
				TARGETED_DEVICE_FAMILY = 1;
			};
			name = Debug;
		};
		A82D550B1DB1760800157856 /* Release */ = {
			isa = XCBuildConfiguration;
			buildSettings = {
				ASSETCATALOG_COMPILER_APPICON_NAME = AppIcon;
				DEVELOPMENT_TEAM = N8ALS87Z7S;
				INFOPLIST_FILE = "$(SRCROOT)/Resources/Info.plist";
				LD_RUNPATH_SEARCH_PATHS = "$(inherited) @executable_path/Frameworks";
				PRODUCT_BUNDLE_IDENTIFIER = io.voss.shopwithvoss;
				PRODUCT_NAME = "$(TARGET_NAME)";
				SWIFT_VERSION = 3.0;
				TARGETED_DEVICE_FAMILY = 1;
			};
			name = Release;
		};
		A82D550D1DB1760800157856 /* Debug */ = {
			isa = XCBuildConfiguration;
			buildSettings = {
				ALWAYS_EMBED_SWIFT_STANDARD_LIBRARIES = YES;
				BUNDLE_LOADER = "$(TEST_HOST)";
				DEVELOPMENT_TEAM = N8ALS87Z7S;
				INFOPLIST_FILE = "Tests/Unit Tests/Info.plist";
				LD_RUNPATH_SEARCH_PATHS = "$(inherited) @executable_path/Frameworks @loader_path/Frameworks";
				PRODUCT_BUNDLE_IDENTIFIER = io.voss.shopwithvossTests;
				PRODUCT_NAME = "$(TARGET_NAME)";
				SWIFT_VERSION = 3.0;
				TEST_HOST = "$(BUILT_PRODUCTS_DIR)/Shop.app/Shop";
			};
			name = Debug;
		};
		A82D550E1DB1760800157856 /* Release */ = {
			isa = XCBuildConfiguration;
			buildSettings = {
				ALWAYS_EMBED_SWIFT_STANDARD_LIBRARIES = YES;
				BUNDLE_LOADER = "$(TEST_HOST)";
				DEVELOPMENT_TEAM = N8ALS87Z7S;
				INFOPLIST_FILE = "Tests/Unit Tests/Info.plist";
				LD_RUNPATH_SEARCH_PATHS = "$(inherited) @executable_path/Frameworks @loader_path/Frameworks";
				PRODUCT_BUNDLE_IDENTIFIER = io.voss.shopwithvossTests;
				PRODUCT_NAME = "$(TARGET_NAME)";
				SWIFT_VERSION = 3.0;
				TEST_HOST = "$(BUILT_PRODUCTS_DIR)/Shop.app/Shop";
			};
			name = Release;
		};
		A82D55101DB1760800157856 /* Debug */ = {
			isa = XCBuildConfiguration;
			buildSettings = {
				ALWAYS_EMBED_SWIFT_STANDARD_LIBRARIES = YES;
				DEVELOPMENT_TEAM = N8ALS87Z7S;
				INFOPLIST_FILE = "Tests/UI Tests/Info.plist";
				LD_RUNPATH_SEARCH_PATHS = "$(inherited) @executable_path/Frameworks @loader_path/Frameworks";
				PRODUCT_BUNDLE_IDENTIFIER = io.voss.shopwithvossUITests;
				PRODUCT_NAME = "$(TARGET_NAME)";
				PROVISIONING_PROFILE = "";
				SWIFT_VERSION = 3.0;
				TEST_TARGET_NAME = Shop;
			};
			name = Debug;
		};
		A82D55111DB1760800157856 /* Release */ = {
			isa = XCBuildConfiguration;
			buildSettings = {
				ALWAYS_EMBED_SWIFT_STANDARD_LIBRARIES = YES;
				DEVELOPMENT_TEAM = N8ALS87Z7S;
				INFOPLIST_FILE = "Tests/UI Tests/Info.plist";
				LD_RUNPATH_SEARCH_PATHS = "$(inherited) @executable_path/Frameworks @loader_path/Frameworks";
				PRODUCT_BUNDLE_IDENTIFIER = io.voss.shopwithvossUITests;
				PRODUCT_NAME = "$(TARGET_NAME)";
				PROVISIONING_PROFILE = "";
				SWIFT_VERSION = 3.0;
				TEST_TARGET_NAME = Shop;
			};
			name = Release;
		};
/* End XCBuildConfiguration section */

/* Begin XCConfigurationList section */
		A82D54DC1DB1760700157856 /* Build configuration list for PBXProject "shopwithvoss" */ = {
			isa = XCConfigurationList;
			buildConfigurations = (
				A82D55071DB1760800157856 /* Debug */,
				A82D55081DB1760800157856 /* Release */,
			);
			defaultConfigurationIsVisible = 0;
			defaultConfigurationName = Release;
		};
		A82D55091DB1760800157856 /* Build configuration list for PBXNativeTarget "Shop" */ = {
			isa = XCConfigurationList;
			buildConfigurations = (
				A82D550A1DB1760800157856 /* Debug */,
				A82D550B1DB1760800157856 /* Release */,
			);
			defaultConfigurationIsVisible = 0;
			defaultConfigurationName = Release;
		};
		A82D550C1DB1760800157856 /* Build configuration list for PBXNativeTarget "ShopTests" */ = {
			isa = XCConfigurationList;
			buildConfigurations = (
				A82D550D1DB1760800157856 /* Debug */,
				A82D550E1DB1760800157856 /* Release */,
			);
			defaultConfigurationIsVisible = 0;
			defaultConfigurationName = Release;
		};
		A82D550F1DB1760800157856 /* Build configuration list for PBXNativeTarget "ShopUITests" */ = {
			isa = XCConfigurationList;
			buildConfigurations = (
				A82D55101DB1760800157856 /* Debug */,
				A82D55111DB1760800157856 /* Release */,
			);
			defaultConfigurationIsVisible = 0;
			defaultConfigurationName = Release;
		};
/* End XCConfigurationList section */
	};
	rootObject = A82D54D91DB1760700157856 /* Project object */;
}
